
Microsoft Visual Studio Solution File, Format Version 12.00
# Visual Studio Version 17
VisualStudioVersion = 17.5.002.0
MinimumVisualStudioVersion = 10.0.40219.1
Project("{9A19103F-16F7-4668-BE54-9A1E7A4F7556}") = "Shop", "Shop.csproj", "{1303C744-39EB-4282-A2E8-8C413CB99F24}"
EndProject
Global
	GlobalSection(SolutionConfigurationPlatforms) = preSolution
		Debug|Any CPU = Debug|Any CPU
		Release|Any CPU = Release|Any CPU
	EndGlobalSection
	GlobalSection(ProjectConfigurationPlatforms) = postSolution
		{1303C744-39EB-4282-A2E8-8C413CB99F24}.Debug|Any CPU.ActiveCfg = Debug|Any CPU
		{1303C744-39EB-4282-A2E8-8C413CB99F24}.Debug|Any CPU.Build.0 = Debug|Any CPU
		{1303C744-39EB-4282-A2E8-8C413CB99F24}.Release|Any CPU.ActiveCfg = Release|Any CPU
		{1303C744-39EB-4282-A2E8-8C413CB99F24}.Release|Any CPU.Build.0 = Release|Any CPU
	EndGlobalSection
	GlobalSection(SolutionProperties) = preSolution
		HideSolutionNode = FALSE
	EndGlobalSection
	GlobalSection(ExtensibilityGlobals) = postSolution
		SolutionGuid = {2017057A-C6EB-4BF8-A1BA-2AAE0F72DD87}
	EndGlobalSection
EndGlobal
